{
  "lockfile_version": "1",
  "packages": {
    "actionlint@1.6.23": {
      "last_modified": "2023-04-04T19:49:21Z",
      "resolved": "github:NixOS/nixpkgs/74c56f2e51d08f0196ed48d32e01d5d408e64451#actionlint",
      "source": "devbox-search",
      "version": "1.6.23"
    },
    "flyctl@latest": {
      "last_modified": "2023-09-10T10:53:27Z",
      "resolved": "github:NixOS/nixpkgs/78058d810644f5ed276804ce7ea9e82d92bee293#flyctl",
      "source": "devbox-search",
      "version": "0.1.84"
    },
    "go@latest": {
      "last_modified": "2023-09-10T10:53:27Z",
      "resolved": "github:NixOS/nixpkgs/78058d810644f5ed276804ce7ea9e82d92bee293#go_1_21",
      "source": "devbox-search",
      "version": "1.21.1"
    },
    "golangci-lint@1.52.2": {
      "last_modified": "2023-06-02T03:37:42Z",
      "resolved": "github:NixOS/nixpkgs/95be94370d09f97f6af6a1df1eb9649b5260724e#golangci-lint",
      "source": "devbox-search",
      "version": "1.52.2"
    },
    "just@latest": {
      "last_modified": "2023-09-10T10:53:27Z",
      "resolved": "github:NixOS/nixpkgs/78058d810644f5ed276804ce7ea9e82d92bee293#just",
      "source": "devbox-search",
      "version": "1.14.0"
    }
  }
}
