{
  "lockfile_version": "1",
  "packages": {
    "actionlint@1.6.23": {
      "last_modified": "2023-03-31T22:52:29Z",
      "resolved": "github:NixOS/nixpkgs/242246ee1e58f54d2322227fc5eef53b4a616a31#actionlint",
      "version": "1.6.23"
    },
    "flyctl@latest": {
      "last_modified": "2023-05-01T16:53:22Z",
      "resolved": "github:NixOS/nixpkgs/8670e496ffd093b60e74e7fa53526aa5920d09eb#flyctl",
      "version": "0.0.539"
    },
    "go@latest": {
      "last_modified": "2023-05-01T16:53:22Z",
      "resolved": "github:NixOS/nixpkgs/8670e496ffd093b60e74e7fa53526aa5920d09eb#go",
      "version": "1.20.3"
    },
    "golangci-lint@1.52.2": {
      "last_modified": "2023-05-01T16:53:22Z",
      "resolved": "github:NixOS/nixpkgs/8670e496ffd093b60e74e7fa53526aa5920d09eb#golangci-lint",
      "version": "1.52.2"
    },
    "just@latest": {
      "last_modified": "2023-09-10T10:53:27Z",
      "resolved": "github:NixOS/nixpkgs/78058d810644f5ed276804ce7ea9e82d92bee293#just",
      "source": "devbox-search",
      "version": "1.14.0"
    }
  }
}
